// !$*UTF8*$!
{
	archiveVersion = 1;
	classes = {
	};
	objectVersion = 46;
	objects = {

/* Begin PBXBuildFile section */
		064D443F1BC064190054DD0E /* ImageTransferOp.swift in Sources */ = {isa = PBXBuildFile; fileRef = 064D443E1BC064190054DD0E /* ImageTransferOp.swift */; settings = {ASSET_TAGS = (); }; };
		064D44411BC0682F0054DD0E /* jocker.jpg in Resources */ = {isa = PBXBuildFile; fileRef = 064D44401BC0682F0054DD0E /* jocker.jpg */; settings = {ASSET_TAGS = (); }; };
		064D44561BC087C10054DD0E /* NSStreamConsumer.swift in Sources */ = {isa = PBXBuildFile; fileRef = 064D44551BC087C10054DD0E /* NSStreamConsumer.swift */; settings = {ASSET_TAGS = (); }; };
		065AD9541BC02C2A00C1599E /* ParaCon.h in Headers */ = {isa = PBXBuildFile; fileRef = 065AD9531BC02C2A00C1599E /* ParaCon.h */; settings = {ATTRIBUTES = (Public, ); }; };
		065AD95B1BC02C2B00C1599E /* ParaCon.framework in Frameworks */ = {isa = PBXBuildFile; fileRef = 065AD9501BC02C2A00C1599E /* ParaCon.framework */; settings = {ASSET_TAGS = (); }; };
		065AD9601BC02C2B00C1599E /* ParaConTests.swift in Sources */ = {isa = PBXBuildFile; fileRef = 065AD95F1BC02C2B00C1599E /* ParaConTests.swift */; };
		065AD96B1BC02C4E00C1599E /* PCConcurrentOperation.swift in Sources */ = {isa = PBXBuildFile; fileRef = 065AD96A1BC02C4E00C1599E /* PCConcurrentOperation.swift */; settings = {ASSET_TAGS = (); }; };
/* End PBXBuildFile section */

/* Begin PBXContainerItemProxy section */
		065AD95C1BC02C2B00C1599E /* PBXContainerItemProxy */ = {
			isa = PBXContainerItemProxy;
			containerPortal = 065AD9471BC02C2A00C1599E /* Project object */;
			proxyType = 1;
			remoteGlobalIDString = 065AD94F1BC02C2A00C1599E;
			remoteInfo = ParaCon;
		};
/* End PBXContainerItemProxy section */

/* Begin PBXFileReference section */
		064D443E1BC064190054DD0E /* ImageTransferOp.swift */ = {isa = PBXFileReference; fileEncoding = 4; lastKnownFileType = sourcecode.swift; path = ImageTransferOp.swift; sourceTree = "<group>"; };
		064D44401BC0682F0054DD0E /* jocker.jpg */ = {isa = PBXFileReference; lastKnownFileType = image.jpeg; path = jocker.jpg; sourceTree = "<group>"; };
		064D44551BC087C10054DD0E /* NSStreamConsumer.swift */ = {isa = PBXFileReference; fileEncoding = 4; lastKnownFileType = sourcecode.swift; path = NSStreamConsumer.swift; sourceTree = "<group>"; };
		065AD9501BC02C2A00C1599E /* ParaCon.framework */ = {isa = PBXFileReference; explicitFileType = wrapper.framework; includeInIndex = 0; path = ParaCon.framework; sourceTree = BUILT_PRODUCTS_DIR; };
		065AD9531BC02C2A00C1599E /* ParaCon.h */ = {isa = PBXFileReference; lastKnownFileType = sourcecode.c.h; path = ParaCon.h; sourceTree = "<group>"; };
		065AD9551BC02C2A00C1599E /* Info.plist */ = {isa = PBXFileReference; lastKnownFileType = text.plist.xml; path = Info.plist; sourceTree = "<group>"; };
		065AD95A1BC02C2B00C1599E /* ParaConTests.xctest */ = {isa = PBXFileReference; explicitFileType = wrapper.cfbundle; includeInIndex = 0; path = ParaConTests.xctest; sourceTree = BUILT_PRODUCTS_DIR; };
		065AD95F1BC02C2B00C1599E /* ParaConTests.swift */ = {isa = PBXFileReference; lastKnownFileType = sourcecode.swift; path = ParaConTests.swift; sourceTree = "<group>"; };
		065AD9611BC02C2B00C1599E /* Info.plist */ = {isa = PBXFileReference; lastKnownFileType = text.plist.xml; path = Info.plist; sourceTree = "<group>"; };
		065AD96A1BC02C4E00C1599E /* PCConcurrentOperation.swift */ = {isa = PBXFileReference; fileEncoding = 4; lastKnownFileType = sourcecode.swift; path = PCConcurrentOperation.swift; sourceTree = "<group>"; };
/* End PBXFileReference section */

/* Begin PBXFrameworksBuildPhase section */
		065AD94C1BC02C2A00C1599E /* Frameworks */ = {
			isa = PBXFrameworksBuildPhase;
			buildActionMask = 2147483647;
			files = (
			);
			runOnlyForDeploymentPostprocessing = 0;
		};
		065AD9571BC02C2B00C1599E /* Frameworks */ = {
			isa = PBXFrameworksBuildPhase;
			buildActionMask = 2147483647;
			files = (
				065AD95B1BC02C2B00C1599E /* ParaCon.framework in Frameworks */,
			);
			runOnlyForDeploymentPostprocessing = 0;
		};
/* End PBXFrameworksBuildPhase section */

/* Begin PBXGroup section */
		065AD9461BC02C2A00C1599E = {
			isa = PBXGroup;
			children = (
				065AD9521BC02C2A00C1599E /* ParaCon */,
				065AD95E1BC02C2B00C1599E /* ParaConTests */,
				065AD9511BC02C2A00C1599E /* Products */,
			);
			sourceTree = "<group>";
		};
		065AD9511BC02C2A00C1599E /* Products */ = {
			isa = PBXGroup;
			children = (
				065AD9501BC02C2A00C1599E /* ParaCon.framework */,
				065AD95A1BC02C2B00C1599E /* ParaConTests.xctest */,
			);
			name = Products;
			sourceTree = "<group>";
		};
		065AD9521BC02C2A00C1599E /* ParaCon */ = {
			isa = PBXGroup;
			children = (
				065AD9531BC02C2A00C1599E /* ParaCon.h */,
				065AD9551BC02C2A00C1599E /* Info.plist */,
				065AD96A1BC02C4E00C1599E /* PCConcurrentOperation.swift */,
				064D44551BC087C10054DD0E /* NSStreamConsumer.swift */,
			);
			path = ParaCon;
			sourceTree = "<group>";
		};
		065AD95E1BC02C2B00C1599E /* ParaConTests */ = {
			isa = PBXGroup;
			children = (
				064D44401BC0682F0054DD0E /* jocker.jpg */,
				065AD95F1BC02C2B00C1599E /* ParaConTests.swift */,
				065AD9611BC02C2B00C1599E /* Info.plist */,
				064D443E1BC064190054DD0E /* ImageTransferOp.swift */,
			);
			path = ParaConTests;
			sourceTree = "<group>";
		};
/* End PBXGroup section */

/* Begin PBXHeadersBuildPhase section */
		065AD94D1BC02C2A00C1599E /* Headers */ = {
			isa = PBXHeadersBuildPhase;
			buildActionMask = 2147483647;
			files = (
				065AD9541BC02C2A00C1599E /* ParaCon.h in Headers */,
			);
			runOnlyForDeploymentPostprocessing = 0;
		};
/* End PBXHeadersBuildPhase section */

/* Begin PBXNativeTarget section */
		065AD94F1BC02C2A00C1599E /* ParaCon */ = {
			isa = PBXNativeTarget;
			buildConfigurationList = 065AD9641BC02C2B00C1599E /* Build configuration list for PBXNativeTarget "ParaCon" */;
			buildPhases = (
				065AD94B1BC02C2A00C1599E /* Sources */,
				065AD94C1BC02C2A00C1599E /* Frameworks */,
				065AD94D1BC02C2A00C1599E /* Headers */,
				065AD94E1BC02C2A00C1599E /* Resources */,
			);
			buildRules = (
			);
			dependencies = (
			);
			name = ParaCon;
			productName = ParaCon;
			productReference = 065AD9501BC02C2A00C1599E /* ParaCon.framework */;
			productType = "com.apple.product-type.framework";
		};
		065AD9591BC02C2B00C1599E /* ParaConTests */ = {
			isa = PBXNativeTarget;
			buildConfigurationList = 065AD9671BC02C2B00C1599E /* Build configuration list for PBXNativeTarget "ParaConTests" */;
			buildPhases = (
				065AD9561BC02C2B00C1599E /* Sources */,
				065AD9571BC02C2B00C1599E /* Frameworks */,
				065AD9581BC02C2B00C1599E /* Resources */,
			);
			buildRules = (
			);
			dependencies = (
				065AD95D1BC02C2B00C1599E /* PBXTargetDependency */,
			);
			name = ParaConTests;
			productName = ParaConTests;
			productReference = 065AD95A1BC02C2B00C1599E /* ParaConTests.xctest */;
			productType = "com.apple.product-type.bundle.unit-test";
		};
/* End PBXNativeTarget section */

/* Begin PBXProject section */
		065AD9471BC02C2A00C1599E /* Project object */ = {
			isa = PBXProject;
			attributes = {
				LastSwiftUpdateCheck = 0700;
				LastUpgradeCheck = 0700;
				ORGANIZATIONNAME = dario;
				TargetAttributes = {
					065AD94F1BC02C2A00C1599E = {
						CreatedOnToolsVersion = 7.0;
						DevelopmentTeam = 9BAHU39A66;
					};
					065AD9591BC02C2B00C1599E = {
						CreatedOnToolsVersion = 7.0;
					};
				};
			};
			buildConfigurationList = 065AD94A1BC02C2A00C1599E /* Build configuration list for PBXProject "ParaCon" */;
			compatibilityVersion = "Xcode 3.2";
			developmentRegion = English;
			hasScannedForEncodings = 0;
			knownRegions = (
				en,
			);
			mainGroup = 065AD9461BC02C2A00C1599E;
			productRefGroup = 065AD9511BC02C2A00C1599E /* Products */;
			projectDirPath = "";
			projectRoot = "";
			targets = (
				065AD94F1BC02C2A00C1599E /* ParaCon */,
				065AD9591BC02C2B00C1599E /* ParaConTests */,
			);
		};
/* End PBXProject section */

/* Begin PBXResourcesBuildPhase section */
		065AD94E1BC02C2A00C1599E /* Resources */ = {
			isa = PBXResourcesBuildPhase;
			buildActionMask = 2147483647;
			files = (
			);
			runOnlyForDeploymentPostprocessing = 0;
		};
		065AD9581BC02C2B00C1599E /* Resources */ = {
			isa = PBXResourcesBuildPhase;
			buildActionMask = 2147483647;
			files = (
				064D44411BC0682F0054DD0E /* jocker.jpg in Resources */,
			);
			runOnlyForDeploymentPostprocessing = 0;
		};
/* End PBXResourcesBuildPhase section */

/* Begin PBXSourcesBuildPhase section */
		065AD94B1BC02C2A00C1599E /* Sources */ = {
			isa = PBXSourcesBuildPhase;
			buildActionMask = 2147483647;
			files = (
				064D44561BC087C10054DD0E /* NSStreamConsumer.swift in Sources */,
				065AD96B1BC02C4E00C1599E /* PCConcurrentOperation.swift in Sources */,
			);
			runOnlyForDeploymentPostprocessing = 0;
		};
		065AD9561BC02C2B00C1599E /* Sources */ = {
			isa = PBXSourcesBuildPhase;
			buildActionMask = 2147483647;
			files = (
				064D443F1BC064190054DD0E /* ImageTransferOp.swift in Sources */,
				065AD9601BC02C2B00C1599E /* ParaConTests.swift in Sources */,
			);
			runOnlyForDeploymentPostprocessing = 0;
		};
/* End PBXSourcesBuildPhase section */

/* Begin PBXTargetDependency section */
		065AD95D1BC02C2B00C1599E /* PBXTargetDependency */ = {
			isa = PBXTargetDependency;
			target = 065AD94F1BC02C2A00C1599E /* ParaCon */;
			targetProxy = 065AD95C1BC02C2B00C1599E /* PBXContainerItemProxy */;
		};
/* End PBXTargetDependency section */

/* Begin XCBuildConfiguration section */
		065AD9621BC02C2B00C1599E /* Debug */ = {
			isa = XCBuildConfiguration;
			buildSettings = {
				ALWAYS_SEARCH_USER_PATHS = NO;
				CLANG_CXX_LANGUAGE_STANDARD = "gnu++0x";
				CLANG_CXX_LIBRARY = "libc++";
				CLANG_ENABLE_MODULES = YES;
				CLANG_ENABLE_OBJC_ARC = YES;
				CLANG_WARN_BOOL_CONVERSION = YES;
				CLANG_WARN_CONSTANT_CONVERSION = YES;
				CLANG_WARN_DIRECT_OBJC_ISA_USAGE = YES_ERROR;
				CLANG_WARN_EMPTY_BODY = YES;
				CLANG_WARN_ENUM_CONVERSION = YES;
				CLANG_WARN_INT_CONVERSION = YES;
				CLANG_WARN_OBJC_ROOT_CLASS = YES_ERROR;
				CLANG_WARN_UNREACHABLE_CODE = YES;
				CLANG_WARN__DUPLICATE_METHOD_MATCH = YES;
				"CODE_SIGN_IDENTITY[sdk=iphoneos*]" = "iPhone Developer";
				COPY_PHASE_STRIP = NO;
				CURRENT_PROJECT_VERSION = 1;
				DEBUG_INFORMATION_FORMAT = dwarf;
				ENABLE_STRICT_OBJC_MSGSEND = YES;
				ENABLE_TESTABILITY = YES;
				GCC_C_LANGUAGE_STANDARD = gnu99;
				GCC_DYNAMIC_NO_PIC = NO;
				GCC_NO_COMMON_BLOCKS = YES;
				GCC_OPTIMIZATION_LEVEL = 0;
				GCC_PREPROCESSOR_DEFINITIONS = (
					"DEBUG=1",
					"$(inherited)",
				);
				GCC_WARN_64_TO_32_BIT_CONVERSION = YES;
				GCC_WARN_ABOUT_RETURN_TYPE = YES_ERROR;
				GCC_WARN_UNDECLARED_SELECTOR = YES;
				GCC_WARN_UNINITIALIZED_AUTOS = YES_AGGRESSIVE;
				GCC_WARN_UNUSED_FUNCTION = YES;
				GCC_WARN_UNUSED_VARIABLE = YES;
				IPHONEOS_DEPLOYMENT_TARGET = 9.0;
				MTL_ENABLE_DEBUG_INFO = YES;
				ONLY_ACTIVE_ARCH = YES;
				SDKROOT = iphoneos;
				SWIFT_OPTIMIZATION_LEVEL = "-Onone";
				TARGETED_DEVICE_FAMILY = "1,2";
				VERSIONING_SYSTEM = "apple-generic";
				VERSION_INFO_PREFIX = "";
			};
			name = Debug;
		};
		065AD9631BC02C2B00C1599E /* Release */ = {
			isa = XCBuildConfiguration;
			buildSettings = {
				ALWAYS_SEARCH_USER_PATHS = NO;
				CLANG_CXX_LANGUAGE_STANDARD = "gnu++0x";
				CLANG_CXX_LIBRARY = "libc++";
				CLANG_ENABLE_MODULES = YES;
				CLANG_ENABLE_OBJC_ARC = YES;
				CLANG_WARN_BOOL_CONVERSION = YES;
				CLANG_WARN_CONSTANT_CONVERSION = YES;
				CLANG_WARN_DIRECT_OBJC_ISA_USAGE = YES_ERROR;
				CLANG_WARN_EMPTY_BODY = YES;
				CLANG_WARN_ENUM_CONVERSION = YES;
				CLANG_WARN_INT_CONVERSION = YES;
				CLANG_WARN_OBJC_ROOT_CLASS = YES_ERROR;
				CLANG_WARN_UNREACHABLE_CODE = YES;
				CLANG_WARN__DUPLICATE_METHOD_MATCH = YES;
				"CODE_SIGN_IDENTITY[sdk=iphoneos*]" = "iPhone Developer";
				COPY_PHASE_STRIP = NO;
				CURRENT_PROJECT_VERSION = 1;
				DEBUG_INFORMATION_FORMAT = "dwarf-with-dsym";
				ENABLE_NS_ASSERTIONS = NO;
				ENABLE_STRICT_OBJC_MSGSEND = YES;
				GCC_C_LANGUAGE_STANDARD = gnu99;
				GCC_NO_COMMON_BLOCKS = YES;
				GCC_WARN_64_TO_32_BIT_CONVERSION = YES;
				GCC_WARN_ABOUT_RETURN_TYPE = YES_ERROR;
				GCC_WARN_UNDECLARED_SELECTOR = YES;
				GCC_WARN_UNINITIALIZED_AUTOS = YES_AGGRESSIVE;
				GCC_WARN_UNUSED_FUNCTION = YES;
				GCC_WARN_UNUSED_VARIABLE = YES;
				IPHONEOS_DEPLOYMENT_TARGET = 9.0;
				MTL_ENABLE_DEBUG_INFO = NO;
				SDKROOT = iphoneos;
				TARGETED_DEVICE_FAMILY = "1,2";
				VALIDATE_PRODUCT = YES;
				VERSIONING_SYSTEM = "apple-generic";
				VERSION_INFO_PREFIX = "";
			};
			name = Release;
		};
		065AD9651BC02C2B00C1599E /* Debug */ = {
			isa = XCBuildConfiguration;
			buildSettings = {
				CLANG_ENABLE_MODULES = YES;
				CODE_SIGN_IDENTITY = "iPhone Developer";
				DEFINES_MODULE = YES;
				DYLIB_COMPATIBILITY_VERSION = 1;
				DYLIB_CURRENT_VERSION = 1;
				DYLIB_INSTALL_NAME_BASE = "@rpath";
				INFOPLIST_FILE = ParaCon/Info.plist;
				INSTALL_PATH = "$(LOCAL_LIBRARY_DIR)/Frameworks";
				IPHONEOS_DEPLOYMENT_TARGET = 8.0;
				LD_RUNPATH_SEARCH_PATHS = "$(inherited) @executable_path/Frameworks @loader_path/Frameworks";
				PRODUCT_BUNDLE_IDENTIFIER = dario.ParaCon;
				PRODUCT_NAME = "$(TARGET_NAME)";
				SKIP_INSTALL = YES;
				SWIFT_OPTIMIZATION_LEVEL = "-Onone";
			};
			name = Debug;
		};
		065AD9661BC02C2B00C1599E /* Release */ = {
			isa = XCBuildConfiguration;
			buildSettings = {
				CLANG_ENABLE_MODULES = YES;
				CODE_SIGN_IDENTITY = "iPhone Developer";
				DEFINES_MODULE = YES;
				DYLIB_COMPATIBILITY_VERSION = 1;
				DYLIB_CURRENT_VERSION = 1;
				DYLIB_INSTALL_NAME_BASE = "@rpath";
				INFOPLIST_FILE = ParaCon/Info.plist;
				INSTALL_PATH = "$(LOCAL_LIBRARY_DIR)/Frameworks";
				IPHONEOS_DEPLOYMENT_TARGET = 8.0;
				LD_RUNPATH_SEARCH_PATHS = "$(inherited) @executable_path/Frameworks @loader_path/Frameworks";
				PRODUCT_BUNDLE_IDENTIFIER = dario.ParaCon;
				PRODUCT_NAME = "$(TARGET_NAME)";
				SKIP_INSTALL = YES;
			};
			name = Release;
		};
		065AD9681BC02C2B00C1599E /* Debug */ = {
			isa = XCBuildConfiguration;
			buildSettings = {
				INFOPLIST_FILE = ParaConTests/Info.plist;
				LD_RUNPATH_SEARCH_PATHS = "$(inherited) @executable_path/Frameworks @loader_path/Frameworks";
				PRODUCT_BUNDLE_IDENTIFIER = dario.ParaConTests;
				PRODUCT_NAME = "$(TARGET_NAME)";
			};
			name = Debug;
		};
		065AD9691BC02C2B00C1599E /* Release */ = {
			isa = XCBuildConfiguration;
			buildSettings = {
				INFOPLIST_FILE = ParaConTests/Info.plist;
				LD_RUNPATH_SEARCH_PATHS = "$(inherited) @executable_path/Frameworks @loader_path/Frameworks";
				PRODUCT_BUNDLE_IDENTIFIER = dario.ParaConTests;
				PRODUCT_NAME = "$(TARGET_NAME)";
			};
			name = Release;
		};
/* End XCBuildConfiguration section */

/* Begin XCConfigurationList section */
		065AD94A1BC02C2A00C1599E /* Build configuration list for PBXProject "ParaCon" */ = {
			isa = XCConfigurationList;
			buildConfigurations = (
				065AD9621BC02C2B00C1599E /* Debug */,
				065AD9631BC02C2B00C1599E /* Release */,
			);
			defaultConfigurationIsVisible = 0;
			defaultConfigurationName = Release;
		};
		065AD9641BC02C2B00C1599E /* Build configuration list for PBXNativeTarget "ParaCon" */ = {
			isa = XCConfigurationList;
			buildConfigurations = (
				065AD9651BC02C2B00C1599E /* Debug */,
				065AD9661BC02C2B00C1599E /* Release */,
			);
			defaultConfigurationIsVisible = 0;
			defaultConfigurationName = Release;
		};
		065AD9671BC02C2B00C1599E /* Build configuration list for PBXNativeTarget "ParaConTests" */ = {
			isa = XCConfigurationList;
			buildConfigurations = (
				065AD9681BC02C2B00C1599E /* Debug */,
				065AD9691BC02C2B00C1599E /* Release */,
			);
			defaultConfigurationIsVisible = 0;
			defaultConfigurationName = Release;
		};
/* End XCConfigurationList section */
	};
	rootObject = 065AD9471BC02C2A00C1599E /* Project object */;
}
